// !$*UTF8*$!
{
	archiveVersion = 1;
	classes = {
	};
	objectVersion = 46;
	objects = {

/* Begin PBXBuildFile section */
		FFCC7B271DE2D20A001A05AB /* AppDelegate.swift in Sources */ = {isa = PBXBuildFile; fileRef = FFCC7B261DE2D20A001A05AB /* AppDelegate.swift */; };
		FFCC7B291DE2D20A001A05AB /* ViewController.swift in Sources */ = {isa = PBXBuildFile; fileRef = FFCC7B281DE2D20A001A05AB /* ViewController.swift */; };
		FFCC7B2C1DE2D20A001A05AB /* Main.storyboard in Resources */ = {isa = PBXBuildFile; fileRef = FFCC7B2A1DE2D20A001A05AB /* Main.storyboard */; };
		FFCC7B2E1DE2D20A001A05AB /* Assets.xcassets in Resources */ = {isa = PBXBuildFile; fileRef = FFCC7B2D1DE2D20A001A05AB /* Assets.xcassets */; };
		FFCC7B311DE2D20A001A05AB /* LaunchScreen.storyboard in Resources */ = {isa = PBXBuildFile; fileRef = FFCC7B2F1DE2D20A001A05AB /* LaunchScreen.storyboard */; };
/* End PBXBuildFile section */

/* Begin PBXFileReference section */
		FFCC7B231DE2D20A001A05AB /* FirstGitHub.app */ = {isa = PBXFileReference; explicitFileType = wrapper.application; includeInIndex = 0; path = FirstGitHub.app; sourceTree = BUILT_PRODUCTS_DIR; };
		FFCC7B261DE2D20A001A05AB /* AppDelegate.swift */ = {isa = PBXFileReference; lastKnownFileType = sourcecode.swift; path = AppDelegate.swift; sourceTree = "<group>"; };
		FFCC7B281DE2D20A001A05AB /* ViewController.swift */ = {isa = PBXFileReference; lastKnownFileType = sourcecode.swift; path = ViewController.swift; sourceTree = "<group>"; };
		FFCC7B2B1DE2D20A001A05AB /* Base */ = {isa = PBXFileReference; lastKnownFileType = file.storyboard; name = Base; path = Base.lproj/Main.storyboard; sourceTree = "<group>"; };
		FFCC7B2D1DE2D20A001A05AB /* Assets.xcassets */ = {isa = PBXFileReference; lastKnownFileType = folder.assetcatalog; path = Assets.xcassets; sourceTree = "<group>"; };
		FFCC7B301DE2D20A001A05AB /* Base */ = {isa = PBXFileReference; lastKnownFileType = file.storyboard; name = Base; path = Base.lproj/LaunchScreen.storyboard; sourceTree = "<group>"; };
		FFCC7B321DE2D20A001A05AB /* Info.plist */ = {isa = PBXFileReference; lastKnownFileType = text.plist.xml; path = Info.plist; sourceTree = "<group>"; };
/* End PBXFileReference section */

/* Begin PBXFrameworksBuildPhase section */
		FFCC7B201DE2D20A001A05AB /* Frameworks */ = {
			isa = PBXFrameworksBuildPhase;
			buildActionMask = 2147483647;
			files = (
			);
			runOnlyForDeploymentPostprocessing = 0;
		};
/* End PBXFrameworksBuildPhase section */

/* Begin PBXGroup section */
		FFCC7B1A1DE2D20A001A05AB = {
			isa = PBXGroup;
			children = (
				FFCC7B251DE2D20A001A05AB /* FirstGitHub */,
				FFCC7B241DE2D20A001A05AB /* Products */,
			);
			sourceTree = "<group>";
		};
		FFCC7B241DE2D20A001A05AB /* Products */ = {
			isa = PBXGroup;
			children = (
				FFCC7B231DE2D20A001A05AB /* FirstGitHub.app */,
			);
			name = Products;
			sourceTree = "<group>";
		};
		FFCC7B251DE2D20A001A05AB /* FirstGitHub */ = {
			isa = PBXGroup;
			children = (
				FFCC7B261DE2D20A001A05AB /* AppDelegate.swift */,
				FFCC7B281DE2D20A001A05AB /* ViewController.swift */,
				FFCC7B2A1DE2D20A001A05AB /* Main.storyboard */,
				FFCC7B2D1DE2D20A001A05AB /* Assets.xcassets */,
				FFCC7B2F1DE2D20A001A05AB /* LaunchScreen.storyboard */,
				FFCC7B321DE2D20A001A05AB /* Info.plist */,
			);
			path = FirstGitHub;
			sourceTree = "<group>";
		};
/* End PBXGroup section */

/* Begin PBXNativeTarget section */
		FFCC7B221DE2D20A001A05AB /* FirstGitHub */ = {
			isa = PBXNativeTarget;
			buildConfigurationList = FFCC7B351DE2D20A001A05AB /* Build configuration list for PBXNativeTarget "FirstGitHub" */;
			buildPhases = (
				FFCC7B1F1DE2D20A001A05AB /* Sources */,
				FFCC7B201DE2D20A001A05AB /* Frameworks */,
				FFCC7B211DE2D20A001A05AB /* Resources */,
			);
			buildRules = (
			);
			dependencies = (
			);
			name = FirstGitHub;
			productName = FirstGitHub;
			productReference = FFCC7B231DE2D20A001A05AB /* FirstGitHub.app */;
			productType = "com.apple.product-type.application";
		};
/* End PBXNativeTarget section */

/* Begin PBXProject section */
		FFCC7B1B1DE2D20A001A05AB /* Project object */ = {
			isa = PBXProject;
			attributes = {
				LastSwiftUpdateCheck = 0810;
				LastUpgradeCheck = 0810;
				ORGANIZATIONNAME = "Matthew Wolf";
				TargetAttributes = {
					FFCC7B221DE2D20A001A05AB = {
						CreatedOnToolsVersion = 8.1;
						DevelopmentTeam = CH3VUNZRXK;
						ProvisioningStyle = Automatic;
					};
				};
			};
			buildConfigurationList = FFCC7B1E1DE2D20A001A05AB /* Build configuration list for PBXProject "FirstGitHub" */;
			compatibilityVersion = "Xcode 3.2";
			developmentRegion = English;
			hasScannedForEncodings = 0;
			knownRegions = (
				en,
				Base,
			);
			mainGroup = FFCC7B1A1DE2D20A001A05AB;
			productRefGroup = FFCC7B241DE2D20A001A05AB /* Products */;
			projectDirPath = "";
			projectRoot = "";
			targets = (
				FFCC7B221DE2D20A001A05AB /* FirstGitHub */,
			);
		};
/* End PBXProject section */

/* Begin PBXResourcesBuildPhase section */
		FFCC7B211DE2D20A001A05AB /* Resources */ = {
			isa = PBXResourcesBuildPhase;
			buildActionMask = 2147483647;
			files = (
				FFCC7B311DE2D20A001A05AB /* LaunchScreen.storyboard in Resources */,
				FFCC7B2E1DE2D20A001A05AB /* Assets.xcassets in Resources */,
				FFCC7B2C1DE2D20A001A05AB /* Main.storyboard in Resources */,
			);
			runOnlyForDeploymentPostprocessing = 0;
		};
/* End PBXResourcesBuildPhase section */

/* Begin PBXSourcesBuildPhase section */
		FFCC7B1F1DE2D20A001A05AB /* Sources */ = {
			isa = PBXSourcesBuildPhase;
			buildActionMask = 2147483647;
			files = (
				FFCC7B291DE2D20A001A05AB /* ViewController.swift in Sources */,
				FFCC7B271DE2D20A001A05AB /* AppDelegate.swift in Sources */,
			);
			runOnlyForDeploymentPostprocessing = 0;
		};
/* End PBXSourcesBuildPhase section */

/* Begin PBXVariantGroup section */
		FFCC7B2A1DE2D20A001A05AB /* Main.storyboard */ = {
			isa = PBXVariantGroup;
			children = (
				FFCC7B2B1DE2D20A001A05AB /* Base */,
			);
			name = Main.storyboard;
			sourceTree = "<group>";
		};
		FFCC7B2F1DE2D20A001A05AB /* LaunchScreen.storyboard */ = {
			isa = PBXVariantGroup;
			children = (
				FFCC7B301DE2D20A001A05AB /* Base */,
			);
			name = LaunchScreen.storyboard;
			sourceTree = "<group>";
		};
/* End PBXVariantGroup section */

/* Begin XCBuildConfiguration section */
		FFCC7B331DE2D20A001A05AB /* Debug */ = {
			isa = XCBuildConfiguration;
			buildSettings = {
				ALWAYS_SEARCH_USER_PATHS = NO;
				CLANG_ANALYZER_NONNULL = YES;
				CLANG_CXX_LANGUAGE_STANDARD = "gnu++0x";
				CLANG_CXX_LIBRARY = "libc++";
				CLANG_ENABLE_MODULES = YES;
				CLANG_ENABLE_OBJC_ARC = YES;
				CLANG_WARN_BOOL_CONVERSION = YES;
				CLANG_WARN_CONSTANT_CONVERSION = YES;
				CLANG_WARN_DIRECT_OBJC_ISA_USAGE = YES_ERROR;
				CLANG_WARN_DOCUMENTATION_COMMENTS = YES;
				CLANG_WARN_EMPTY_BODY = YES;
				CLANG_WARN_ENUM_CONVERSION = YES;
				CLANG_WARN_INFINITE_RECURSION = YES;
				CLANG_WARN_INT_CONVERSION = YES;
				CLANG_WARN_OBJC_ROOT_CLASS = YES_ERROR;
				CLANG_WARN_SUSPICIOUS_MOVES = YES;
				CLANG_WARN_UNREACHABLE_CODE = YES;
				CLANG_WARN__DUPLICATE_METHOD_MATCH = YES;
				"CODE_SIGN_IDENTITY[sdk=iphoneos*]" = "iPhone Developer";
				COPY_PHASE_STRIP = NO;
				DEBUG_INFORMATION_FORMAT = dwarf;
				ENABLE_STRICT_OBJC_MSGSEND = YES;
				ENABLE_TESTABILITY = YES;
				GCC_C_LANGUAGE_STANDARD = gnu99;
				GCC_DYNAMIC_NO_PIC = NO;
				GCC_NO_COMMON_BLOCKS = YES;
				GCC_OPTIMIZATION_LEVEL = 0;
				GCC_PREPROCESSOR_DEFINITIONS = (
					"DEBUG=1",
					"$(inherited)",
				);
				GCC_WARN_64_TO_32_BIT_CONVERSION = YES;
				GCC_WARN_ABOUT_RETURN_TYPE = YES_ERROR;
				GCC_WARN_UNDECLARED_SELECTOR = YES;
				GCC_WARN_UNINITIALIZED_AUTOS = YES_AGGRESSIVE;
				GCC_WARN_UNUSED_FUNCTION = YES;
				GCC_WARN_UNUSED_VARIABLE = YES;
				IPHONEOS_DEPLOYMENT_TARGET = 10.1;
				MTL_ENABLE_DEBUG_INFO = YES;
				ONLY_ACTIVE_ARCH = YES;
				SDKROOT = iphoneos;
				SWIFT_ACTIVE_COMPILATION_CONDITIONS = DEBUG;
				SWIFT_OPTIMIZATION_LEVEL = "-Onone";
				TARGETED_DEVICE_FAMILY = "1,2";
			};
			name = Debug;
		};
		FFCC7B341DE2D20A001A05AB /* Release */ = {
			isa = XCBuildConfiguration;
			buildSettings = {
				ALWAYS_SEARCH_USER_PATHS = NO;
				CLANG_ANALYZER_NONNULL = YES;
				CLANG_CXX_LANGUAGE_STANDARD = "gnu++0x";
				CLANG_CXX_LIBRARY = "libc++";
				CLANG_ENABLE_MODULES = YES;
				CLANG_ENABLE_OBJC_ARC = YES;
				CLANG_WARN_BOOL_CONVERSION = YES;
				CLANG_WARN_CONSTANT_CONVERSION = YES;
				CLANG_WARN_DIRECT_OBJC_ISA_USAGE = YES_ERROR;
				CLANG_WARN_DOCUMENTATION_COMMENTS = YES;
				CLANG_WARN_EMPTY_BODY = YES;
				CLANG_WARN_ENUM_CONVERSION = YES;
				CLANG_WARN_INFINITE_RECURSION = YES;
				CLANG_WARN_INT_CONVERSION = YES;
				CLANG_WARN_OBJC_ROOT_CLASS = YES_ERROR;
				CLANG_WARN_SUSPICIOUS_MOVES = YES;
				CLANG_WARN_UNREACHABLE_CODE = YES;
				CLANG_WARN__DUPLICATE_METHOD_MATCH = YES;
				"CODE_SIGN_IDENTITY[sdk=iphoneos*]" = "iPhone Developer";
				COPY_PHASE_STRIP = NO;
				DEBUG_INFORMATION_FORMAT = "dwarf-with-dsym";
				ENABLE_NS_ASSERTIONS = NO;
				ENABLE_STRICT_OBJC_MSGSEND = YES;
				GCC_C_LANGUAGE_STANDARD = gnu99;
				GCC_NO_COMMON_BLOCKS = YES;
				GCC_WARN_64_TO_32_BIT_CONVERSION = YES;
				GCC_WARN_ABOUT_RETURN_TYPE = YES_ERROR;
				GCC_WARN_UNDECLARED_SELECTOR = YES;
				GCC_WARN_UNINITIALIZED_AUTOS = YES_AGGRESSIVE;
				GCC_WARN_UNUSED_FUNCTION = YES;
				GCC_WARN_UNUSED_VARIABLE = YES;
				IPHONEOS_DEPLOYMENT_TARGET = 10.1;
				MTL_ENABLE_DEBUG_INFO = NO;
				SDKROOT = iphoneos;
				SWIFT_OPTIMIZATION_LEVEL = "-Owholemodule";
				TARGETED_DEVICE_FAMILY = "1,2";
				VALIDATE_PRODUCT = YES;
			};
			name = Release;
		};
		FFCC7B361DE2D20A001A05AB /* Debug */ = {
			isa = XCBuildConfiguration;
			buildSettings = {
				ASSETCATALOG_COMPILER_APPICON_NAME = AppIcon;
				DEVELOPMENT_TEAM = CH3VUNZRXK;
				INFOPLIST_FILE = FirstGitHub/Info.plist;
				LD_RUNPATH_SEARCH_PATHS = "$(inherited) @executable_path/Frameworks";
				PRODUCT_BUNDLE_IDENTIFIER = MattWolf.FirstGitHub;
				PRODUCT_NAME = "$(TARGET_NAME)";
				SWIFT_VERSION = 3.0;
			};
			name = Debug;
		};
		FFCC7B371DE2D20A001A05AB /* Release */ = {
			isa = XCBuildConfiguration;
			buildSettings = {
				ASSETCATALOG_COMPILER_APPICON_NAME = AppIcon;
				DEVELOPMENT_TEAM = CH3VUNZRXK;
				INFOPLIST_FILE = FirstGitHub/Info.plist;
				LD_RUNPATH_SEARCH_PATHS = "$(inherited) @executable_path/Frameworks";
				PRODUCT_BUNDLE_IDENTIFIER = MattWolf.FirstGitHub;
				PRODUCT_NAME = "$(TARGET_NAME)";
				SWIFT_VERSION = 3.0;
			};
			name = Release;
		};
/* End XCBuildConfiguration section */

/* Begin XCConfigurationList section */
		FFCC7B1E1DE2D20A001A05AB /* Build configuration list for PBXProject "FirstGitHub" */ = {
			isa = XCConfigurationList;
			buildConfigurations = (
				FFCC7B331DE2D20A001A05AB /* Debug */,
				FFCC7B341DE2D20A001A05AB /* Release */,
			);
			defaultConfigurationIsVisible = 0;
			defaultConfigurationName = Release;
		};
		FFCC7B351DE2D20A001A05AB /* Build configuration list for PBXNativeTarget "FirstGitHub" */ = {
			isa = XCConfigurationList;
			buildConfigurations = (
				FFCC7B361DE2D20A001A05AB /* Debug */,
				FFCC7B371DE2D20A001A05AB /* Release */,
			);
			defaultConfigurationIsVisible = 0;
		};
/* End XCConfigurationList section */
	};
	rootObject = FFCC7B1B1DE2D20A001A05AB /* Project object */;
}
